
Microsoft Visual Studio Solution File, Format Version 12.00
# Visual Studio Version 17
VisualStudioVersion = 17.8.34525.116
MinimumVisualStudioVersion = 10.0.40219.1
Project("{2150E333-8FDC-42A3-9474-1A3956D46DE8}") = "src", "src", "{DD34ADFD-510A-45DB-B5C3-B599A5820F35}"
EndProject
Project("{2150E333-8FDC-42A3-9474-1A3956D46DE8}") = "Core", "Core", "{6B1CFF52-8094-47C3-A474-98BCD9358146}"
EndProject
Project("{2150E333-8FDC-42A3-9474-1A3956D46DE8}") = "Services", "Services", "{CB51023A-BCF0-4FE4-8C69-DAB49FC5CC76}"
EndProject
Project("{2150E333-8FDC-42A3-9474-1A3956D46DE8}") = "Shared", "Shared", "{C532F7FA-BED3-44FD-8895-1A6DF6740ED3}"
EndProject
Project("{2150E333-8FDC-42A3-9474-1A3956D46DE8}") = "Publisher", "Publisher", "{D9297AB3-AD1F-42BB-9D10-77DAC43320CB}"
EndProject
Project("{2150E333-8FDC-42A3-9474-1A3956D46DE8}") = "Consumer", "Consumer", "{E744E834-7E25-4FE6-B2C2-34846F3CA491}"
EndProject
Project("{2150E333-8FDC-42A3-9474-1A3956D46DE8}") = "Domain", "Domain", "{D25FEAF9-FE2B-473F-9231-A09B636F16AD}"
EndProject
Project("{2150E333-8FDC-42A3-9474-1A3956D46DE8}") = "Infrastructure", "Infrastructure", "{69A4B4DD-E9A1-4EB5-B3B2-6996C971D463}"
EndProject
Project("{2150E333-8FDC-42A3-9474-1A3956D46DE8}") = "Application", "Application", "{A711694C-E99D-4561-B2A5-95934F06CD58}"
EndProject
Project("{2150E333-8FDC-42A3-9474-1A3956D46DE8}") = "Presentation", "Presentation", "{8406AD56-86CF-4BE7-83DA-51A200CFBB1F}"
EndProject
Project("{2150E333-8FDC-42A3-9474-1A3956D46DE8}") = "Queries", "Queries", "{3E7405EF-6680-4202-9C4C-358C316621AA}"
EndProject
Project("{2150E333-8FDC-42A3-9474-1A3956D46DE8}") = "Domain", "Domain", "{9BC752D5-0242-4906-9B8A-85BB544971F2}"
EndProject
Project("{2150E333-8FDC-42A3-9474-1A3956D46DE8}") = "Infrastructure", "Infrastructure", "{5B96BCD3-08DF-47D3-AFA7-303867A4E50C}"
EndProject
Project("{2150E333-8FDC-42A3-9474-1A3956D46DE8}") = "Application", "Application", "{7BDC1F3C-9D92-4A14-95BC-3F3FBA2855DE}"
EndProject
Project("{FAE04EC0-301F-11D3-BF4B-00C04F79EFBC}") = "MoviesRental.Core", "src\Core\MoviesRental.Core\MoviesRental.Core.csproj", "{CA6789C3-9C7B-40D4-9FAF-AA4F1B3DD391}"
EndProject
Project("{FAE04EC0-301F-11D3-BF4B-00C04F79EFBC}") = "MoviesRental.Consumer", "src\Services\Consumer\MoviesRental.Consumer\MoviesRental.Consumer.csproj", "{BB473587-ACC7-4999-8470-9B94ECB5C36F}"
EndProject
Project("{FAE04EC0-301F-11D3-BF4B-00C04F79EFBC}") = "MoviesRental.Api", "src\Services\Publisher\Presentation\MoviesRental.Api\MoviesRental.Api.csproj", "{46327EEB-CAC8-4DB5-97B0-56C837C52119}"
EndProject
Project("{FAE04EC0-301F-11D3-BF4B-00C04F79EFBC}") = "MoviesRental.Domain", "src\Services\Publisher\Domain\MoviesRental.Domain\MoviesRental.Domain.csproj", "{9E91843A-61BD-47D4-A6BD-8EF7AE1625D7}"
EndProject
Project("{FAE04EC0-301F-11D3-BF4B-00C04F79EFBC}") = "MoviesRental.Infrastructure", "src\Services\Publisher\Infrastructure\MoviesRental.Infrastructure\MoviesRental.Infrastructure.csproj", "{EF60F897-0AEC-403D-811B-7969ED14335D}"
EndProject
Project("{FAE04EC0-301F-11D3-BF4B-00C04F79EFBC}") = "MoviesRental.Application", "src\Services\Publisher\Application\MoviesRental.Application\MoviesRental.Application.csproj", "{B7B4A81B-641F-429A-A6D5-EEBE4A0322DF}"
EndProject
Project("{FAE04EC0-301F-11D3-BF4B-00C04F79EFBC}") = "MoviesRental.Query.Domain", "src\Shared\Queries\Domain\MoviesRental.Query.Domain\MoviesRental.Query.Domain.csproj", "{6F9BD4D5-2C9C-43A3-B0D0-B6AA17315F52}"
EndProject
Project("{FAE04EC0-301F-11D3-BF4B-00C04F79EFBC}") = "MoviesRental.Query.Infrastructure", "src\Shared\Queries\Infrastructure\MoviesRental.Query.Infrastructure\MoviesRental.Query.Infrastructure.csproj", "{DC933BD3-4CCE-4CB8-A29E-FCA83FDC58FB}"
EndProject
Project("{FAE04EC0-301F-11D3-BF4B-00C04F79EFBC}") = "MoviesRental.Query.Application", "src\Shared\Queries\Application\MoviesRental.Query.Application\MoviesRental.Query.Application.csproj", "{5ABDBB32-A441-4715-A43E-5CA67D997DB9}"
EndProject
Project("{E53339B2-1760-4266-BCC7-CA923CBCF16C}") = "docker-compose", "docker-compose.dcproj", "{C063FF92-641C-4291-8291-47EB828ABB2C}"
EndProject
Global
	GlobalSection(SolutionConfigurationPlatforms) = preSolution
		Debug|Any CPU = Debug|Any CPU
		Release|Any CPU = Release|Any CPU
	EndGlobalSection
	GlobalSection(ProjectConfigurationPlatforms) = postSolution
		{CA6789C3-9C7B-40D4-9FAF-AA4F1B3DD391}.Debug|Any CPU.ActiveCfg = Debug|Any CPU
		{CA6789C3-9C7B-40D4-9FAF-AA4F1B3DD391}.Debug|Any CPU.Build.0 = Debug|Any CPU
		{CA6789C3-9C7B-40D4-9FAF-AA4F1B3DD391}.Release|Any CPU.ActiveCfg = Release|Any CPU
		{CA6789C3-9C7B-40D4-9FAF-AA4F1B3DD391}.Release|Any CPU.Build.0 = Release|Any CPU
		{BB473587-ACC7-4999-8470-9B94ECB5C36F}.Debug|Any CPU.ActiveCfg = Debug|Any CPU
		{BB473587-ACC7-4999-8470-9B94ECB5C36F}.Debug|Any CPU.Build.0 = Debug|Any CPU
		{BB473587-ACC7-4999-8470-9B94ECB5C36F}.Release|Any CPU.ActiveCfg = Release|Any CPU
		{BB473587-ACC7-4999-8470-9B94ECB5C36F}.Release|Any CPU.Build.0 = Release|Any CPU
		{46327EEB-CAC8-4DB5-97B0-56C837C52119}.Debug|Any CPU.ActiveCfg = Debug|Any CPU
		{46327EEB-CAC8-4DB5-97B0-56C837C52119}.Debug|Any CPU.Build.0 = Debug|Any CPU
		{46327EEB-CAC8-4DB5-97B0-56C837C52119}.Release|Any CPU.ActiveCfg = Release|Any CPU
		{46327EEB-CAC8-4DB5-97B0-56C837C52119}.Release|Any CPU.Build.0 = Release|Any CPU
		{9E91843A-61BD-47D4-A6BD-8EF7AE1625D7}.Debug|Any CPU.ActiveCfg = Debug|Any CPU
		{9E91843A-61BD-47D4-A6BD-8EF7AE1625D7}.Debug|Any CPU.Build.0 = Debug|Any CPU
		{9E91843A-61BD-47D4-A6BD-8EF7AE1625D7}.Release|Any CPU.ActiveCfg = Release|Any CPU
		{9E91843A-61BD-47D4-A6BD-8EF7AE1625D7}.Release|Any CPU.Build.0 = Release|Any CPU
		{EF60F897-0AEC-403D-811B-7969ED14335D}.Debug|Any CPU.ActiveCfg = Debug|Any CPU
		{EF60F897-0AEC-403D-811B-7969ED14335D}.Debug|Any CPU.Build.0 = Debug|Any CPU
		{EF60F897-0AEC-403D-811B-7969ED14335D}.Release|Any CPU.ActiveCfg = Release|Any CPU
		{EF60F897-0AEC-403D-811B-7969ED14335D}.Release|Any CPU.Build.0 = Release|Any CPU
		{B7B4A81B-641F-429A-A6D5-EEBE4A0322DF}.Debug|Any CPU.ActiveCfg = Debug|Any CPU
		{B7B4A81B-641F-429A-A6D5-EEBE4A0322DF}.Debug|Any CPU.Build.0 = Debug|Any CPU
		{B7B4A81B-641F-429A-A6D5-EEBE4A0322DF}.Release|Any CPU.ActiveCfg = Release|Any CPU
		{B7B4A81B-641F-429A-A6D5-EEBE4A0322DF}.Release|Any CPU.Build.0 = Release|Any CPU
		{6F9BD4D5-2C9C-43A3-B0D0-B6AA17315F52}.Debug|Any CPU.ActiveCfg = Debug|Any CPU
		{6F9BD4D5-2C9C-43A3-B0D0-B6AA17315F52}.Debug|Any CPU.Build.0 = Debug|Any CPU
		{6F9BD4D5-2C9C-43A3-B0D0-B6AA17315F52}.Release|Any CPU.ActiveCfg = Release|Any CPU
		{6F9BD4D5-2C9C-43A3-B0D0-B6AA17315F52}.Release|Any CPU.Build.0 = Release|Any CPU
		{DC933BD3-4CCE-4CB8-A29E-FCA83FDC58FB}.Debug|Any CPU.ActiveCfg = Debug|Any CPU
		{DC933BD3-4CCE-4CB8-A29E-FCA83FDC58FB}.Debug|Any CPU.Build.0 = Debug|Any CPU
		{DC933BD3-4CCE-4CB8-A29E-FCA83FDC58FB}.Release|Any CPU.ActiveCfg = Release|Any CPU
		{DC933BD3-4CCE-4CB8-A29E-FCA83FDC58FB}.Release|Any CPU.Build.0 = Release|Any CPU
		{5ABDBB32-A441-4715-A43E-5CA67D997DB9}.Debug|Any CPU.ActiveCfg = Debug|Any CPU
		{5ABDBB32-A441-4715-A43E-5CA67D997DB9}.Debug|Any CPU.Build.0 = Debug|Any CPU
		{5ABDBB32-A441-4715-A43E-5CA67D997DB9}.Release|Any CPU.ActiveCfg = Release|Any CPU
		{5ABDBB32-A441-4715-A43E-5CA67D997DB9}.Release|Any CPU.Build.0 = Release|Any CPU
		{C063FF92-641C-4291-8291-47EB828ABB2C}.Debug|Any CPU.ActiveCfg = Debug|Any CPU
		{C063FF92-641C-4291-8291-47EB828ABB2C}.Debug|Any CPU.Build.0 = Debug|Any CPU
		{C063FF92-641C-4291-8291-47EB828ABB2C}.Release|Any CPU.ActiveCfg = Release|Any CPU
		{C063FF92-641C-4291-8291-47EB828ABB2C}.Release|Any CPU.Build.0 = Release|Any CPU
	EndGlobalSection
	GlobalSection(SolutionProperties) = preSolution
		HideSolutionNode = FALSE
	EndGlobalSection
	GlobalSection(NestedProjects) = preSolution
		{6B1CFF52-8094-47C3-A474-98BCD9358146} = {DD34ADFD-510A-45DB-B5C3-B599A5820F35}
		{CB51023A-BCF0-4FE4-8C69-DAB49FC5CC76} = {DD34ADFD-510A-45DB-B5C3-B599A5820F35}
		{C532F7FA-BED3-44FD-8895-1A6DF6740ED3} = {DD34ADFD-510A-45DB-B5C3-B599A5820F35}
		{D9297AB3-AD1F-42BB-9D10-77DAC43320CB} = {CB51023A-BCF0-4FE4-8C69-DAB49FC5CC76}
		{E744E834-7E25-4FE6-B2C2-34846F3CA491} = {CB51023A-BCF0-4FE4-8C69-DAB49FC5CC76}
		{D25FEAF9-FE2B-473F-9231-A09B636F16AD} = {D9297AB3-AD1F-42BB-9D10-77DAC43320CB}
		{69A4B4DD-E9A1-4EB5-B3B2-6996C971D463} = {D9297AB3-AD1F-42BB-9D10-77DAC43320CB}
		{A711694C-E99D-4561-B2A5-95934F06CD58} = {D9297AB3-AD1F-42BB-9D10-77DAC43320CB}
		{8406AD56-86CF-4BE7-83DA-51A200CFBB1F} = {D9297AB3-AD1F-42BB-9D10-77DAC43320CB}
		{3E7405EF-6680-4202-9C4C-358C316621AA} = {C532F7FA-BED3-44FD-8895-1A6DF6740ED3}
		{9BC752D5-0242-4906-9B8A-85BB544971F2} = {3E7405EF-6680-4202-9C4C-358C316621AA}
		{5B96BCD3-08DF-47D3-AFA7-303867A4E50C} = {3E7405EF-6680-4202-9C4C-358C316621AA}
		{7BDC1F3C-9D92-4A14-95BC-3F3FBA2855DE} = {3E7405EF-6680-4202-9C4C-358C316621AA}
		{CA6789C3-9C7B-40D4-9FAF-AA4F1B3DD391} = {6B1CFF52-8094-47C3-A474-98BCD9358146}
		{BB473587-ACC7-4999-8470-9B94ECB5C36F} = {E744E834-7E25-4FE6-B2C2-34846F3CA491}
		{46327EEB-CAC8-4DB5-97B0-56C837C52119} = {8406AD56-86CF-4BE7-83DA-51A200CFBB1F}
		{9E91843A-61BD-47D4-A6BD-8EF7AE1625D7} = {D25FEAF9-FE2B-473F-9231-A09B636F16AD}
		{EF60F897-0AEC-403D-811B-7969ED14335D} = {69A4B4DD-E9A1-4EB5-B3B2-6996C971D463}
		{B7B4A81B-641F-429A-A6D5-EEBE4A0322DF} = {A711694C-E99D-4561-B2A5-95934F06CD58}
		{6F9BD4D5-2C9C-43A3-B0D0-B6AA17315F52} = {9BC752D5-0242-4906-9B8A-85BB544971F2}
		{DC933BD3-4CCE-4CB8-A29E-FCA83FDC58FB} = {5B96BCD3-08DF-47D3-AFA7-303867A4E50C}
		{5ABDBB32-A441-4715-A43E-5CA67D997DB9} = {7BDC1F3C-9D92-4A14-95BC-3F3FBA2855DE}
	EndGlobalSection
	GlobalSection(ExtensibilityGlobals) = postSolution
		SolutionGuid = {477CD08D-2854-46D3-85D3-F5B0882C1936}
	EndGlobalSection
EndGlobal
